version = 1
revision = 1
requires-python = ">=3.12"

[[package]]
name = "numpy"
version = "1.26.0"
source = { registry = "https://pypi.org/simple" }
sdist = { url = "https://files.pythonhosted.org/packages/55/b3/b13bce39ba82b7398c06d10446f5ffd5c07db39b09bd37370dc720c7951c/numpy-1.26.0.tar.gz", hash = "sha256:f93fc78fe8bf15afe2b8d6b6499f1c73953169fad1e9a8dd086cdff3190e7fdf", size = 15633455 }
wheels = [
    { url = "https://files.pythonhosted.org/packages/e9/83/f8a62f08d38d831a2980427ffc465a4207fe600124b00cfb0ef8265594a7/numpy-1.26.0-cp312-cp312-macosx_10_9_x86_64.whl", hash = "sha256:166b36197e9debc4e384e9c652ba60c0bacc216d0fc89e78f973a9760b503388", size = 20325091 },
    { url = "https://files.pythonhosted.org/packages/7a/72/6d1cbdf0d770016bc9485f9ef02e73d5cb4cf3c726f8e120b860a403d307/numpy-1.26.0-cp312-cp312-macosx_11_0_arm64.whl", hash = "sha256:f042f66d0b4ae6d48e70e28d487376204d3cbf43b84c03bac57e28dac6151581", size = 13672867 },
    { url = "https://files.pythonhosted.org/packages/2f/70/c071b2347e339f572f5aa61f649b70167e5dd218e3da3dc600c9b08154b9/numpy-1.26.0-cp312-cp312-manylinux_2_17_aarch64.manylinux2014_aarch64.whl", hash = "sha256:e5e18e5b14a7560d8acf1c596688f4dfd19b4f2945b245a71e5af4ddb7422feb", size = 13872627 },
    { url = "https://files.pythonhosted.org/packages/e3/e2/4ecfbc4a2e3f9d227b008c92a5d1f0370190a639b24fec3b226841eaaf19/numpy-1.26.0-cp312-cp312-manylinux_2_17_x86_64.manylinux2014_x86_64.whl", hash = "sha256:7f6bad22a791226d0a5c7c27a80a20e11cfe09ad5ef9084d4d3fc4a299cca505", size = 17883864 },
    { url = "https://files.pythonhosted.org/packages/45/08/025bb65dbe19749f1a67a80655670941982e5d0144a4e588ebbdbcfe7983/numpy-1.26.0-cp312-cp312-musllinux_1_1_x86_64.whl", hash = "sha256:4acc65dd65da28060e206c8f27a573455ed724e6179941edb19f97e58161bb69", size = 17721550 },
    { url = "https://files.pythonhosted.org/packages/98/66/f0a846751044d0b6db5156fb6304d0336861ed055c21053a0f447103939c/numpy-1.26.0-cp312-cp312-win32.whl", hash = "sha256:bb0d9a1aaf5f1cb7967320e80690a1d7ff69f1d47ebc5a9bea013e3a21faec95", size = 19951520 },
    { url = "https://files.pythonhosted.org/packages/98/d7/1cc7a11118408ad21a5379ff2a4e0b0e27504c68ef6e808ebaa90ee95902/numpy-1.26.0-cp312-cp312-win_amd64.whl", hash = "sha256:ee84ca3c58fe48b8ddafdeb1db87388dce2c3c3f701bf447b05e4cfcc3679112", size = 15504471 },
]

[[package]]
name = "pygame"
version = "2.5.2"
source = { registry = "https://pypi.org/simple" }
sdist = { url = "https://files.pythonhosted.org/packages/c6/aa/2c0c867d6cff00966cfc2152b25f61599f87e88b239e4dcb8ad5357f0f69/pygame-2.5.2.tar.gz", hash = "sha256:c1b89eb5d539e7ac5cf75513125fb5f2f0a2d918b1fd6e981f23bf0ac1b1c24a", size = 15788328 }
wheels = [
    { url = "https://files.pythonhosted.org/packages/48/05/5fc3ee405cee85308f1dd5c0fb7bd0835256969a22b18a55698ffaf498ac/pygame-2.5.2-cp312-cp312-macosx_10_9_x86_64.whl", hash = "sha256:1a2a43802bb5e89ce2b3b775744e78db4f9a201bf8d059b946c61722840ceea8", size = 12952573 },
    { url = "https://files.pythonhosted.org/packages/4c/0b/90b489ae7fc363020d6d18d3e4522b6021f4e0e84fbdd28c1d468c8a8e31/pygame-2.5.2-cp312-cp312-macosx_11_0_arm64.whl", hash = "sha256:1c289f2613c44fe70a1e40769de4a49c5ab5a29b9376f1692bb1a15c9c1c9bfa", size = 12252604 },
    { url = "https://files.pythonhosted.org/packages/91/e4/8b7ca2466d1d7e5fb0d22a7e83323dea207d6370abaf0610f7e08faf6b9e/pygame-2.5.2-cp312-cp312-manylinux_2_17_aarch64.manylinux2014_aarch64.whl", hash = "sha256:074aa6c6e110c925f7f27f00c7733c6303407edc61d738882985091d1eb2ef17", size = 13584854 },
    { url = "https://files.pythonhosted.org/packages/04/80/10b7b08acade34e70a1f4de76413ae206ebbdba0bb4cbb0bae7031d763f9/pygame-2.5.2-cp312-cp312-manylinux_2_17_i686.manylinux2014_i686.whl", hash = "sha256:fe0228501ec616779a0b9c4299e837877783e18df294dd690b9ab0eed3d8aaab", size = 14268897 },
    { url = "https://files.pythonhosted.org/packages/c2/c9/a41e2dc929529c36d1d1a6cf989f7d69225584d8e1b1e85c70d4b4bcb230/pygame-2.5.2-cp312-cp312-manylinux_2_17_x86_64.manylinux2014_x86_64.whl", hash = "sha256:31648d38ecdc2335ffc0e38fb18a84b3339730521505dac68514f83a1092e3f4", size = 13942610 },
    { url = "https://files.pythonhosted.org/packages/05/28/5ca545423d6bb55f7ba9d09904c963ced15178f072551629a46b5499d105/pygame-2.5.2-cp312-cp312-win32.whl", hash = "sha256:224c308856334bc792f696e9278e50d099a87c116f7fc314cd6aa3ff99d21592", size = 10387283 },
    { url = "https://files.pythonhosted.org/packages/66/57/1311ff5bbd64093795f64c66910bbc12b7c5d83ca95766cce7ba501ff7e7/pygame-2.5.2-cp312-cp312-win_amd64.whl", hash = "sha256:dd2d2650faf54f9a0f5bd0db8409f79609319725f8f08af6507a0609deadcad4", size = 10758801 },
]

[[package]]
name = "uuid"
version = "1.30"
source = { registry = "https://pypi.org/simple" }
sdist = { url = "https://files.pythonhosted.org/packages/ce/63/f42f5aa951ebf2c8dac81f77a8edcc1c218640a2a35a03b9ff2d4aa64c3d/uuid-1.30.tar.gz", hash = "sha256:1f87cc004ac5120466f36c5beae48b4c48cc411968eed0eaecd3da82aa96193f", size = 5811 }

[[package]]
name = "venv"
version = "0.1.0"
source = { virtual = "." }
dependencies = [
    { name = "numpy" },
    { name = "pygame" },
    { name = "uuid" },
]

[package.metadata]
requires-dist = [
    { name = "numpy", specifier = "==1.26.0" },
    { name = "pygame", specifier = "==2.5.2" },
    { name = "uuid", specifier = "==1.30" },
]
